
Microsoft Visual Studio Solution File, Format Version 12.00
# Visual Studio Version 16
VisualStudioVersion = 16.0.31229.75
MinimumVisualStudioVersion = 10.0.40219.1
Project("{9A19103F-16F7-4668-BE54-9A1E7A4F7556}") = "CoinBazaar.Transfer.Domain", "CoinBazaar.Transfer.Domain\CoinBazaar.Transfer.Domain.csproj", "{51F5C9C4-8F65-4F96-BDDD-F428C56B2DEB}"
EndProject
Project("{2150E333-8FDC-42A3-9474-1A3956D46DE8}") = "Transfer", "Transfer", "{A8BD59DA-8452-4AE9-B7C5-879754F749A8}"
EndProject
Project("{9A19103F-16F7-4668-BE54-9A1E7A4F7556}") = "CoinBazaar.Transfer.API", "CoinBazaar.Transfer.API\CoinBazaar.Transfer.API.csproj", "{B1C47C3E-6D19-4F48-BD02-8D30AA53AE4E}"
EndProject
Project("{9A19103F-16F7-4668-BE54-9A1E7A4F7556}") = "CoinBazaar.Transfer.Application", "CoinBazaar.Transfer.Application\CoinBazaar.Transfer.Application.csproj", "{D48D9D7A-8FEF-4810-A018-3FC3A395B280}"
EndProject
Project("{E53339B2-1760-4266-BCC7-CA923CBCF16C}") = "docker-compose", "docker-compose.dcproj", "{168F12B0-9FEC-400C-AC86-5E7D7AAC4BF1}"
EndProject
Project("{2150E333-8FDC-42A3-9474-1A3956D46DE8}") = "Wallet", "Wallet", "{DB31CFBF-B4FB-47C7-9179-A5CCD1BF7FBA}"
EndProject
Project("{9A19103F-16F7-4668-BE54-9A1E7A4F7556}") = "CoinBazaar.Wallet.API", "CoinBazaar.Wallet.API\CoinBazaar.Wallet.API.csproj", "{6073E98B-BE7A-4C97-BF6D-842A4C4ACA8E}"
EndProject
Project("{2150E333-8FDC-42A3-9474-1A3956D46DE8}") = "ProjectPublics", "ProjectPublics", "{0DFA91BE-20A1-4BCF-93D8-F2769FE3D97E}"
EndProject
Project("{9A19103F-16F7-4668-BE54-9A1E7A4F7556}") = "CoinBazaar.Infrastructure", "CoinBazaar.Infrastructure\CoinBazaar.Infrastructure.csproj", "{D76D9D09-4924-47C7-B6CC-8950D45F1227}"
EndProject
Project("{9A19103F-16F7-4668-BE54-9A1E7A4F7556}") = "CoinBazaar.Transfer.ESConsumer.gRPC", "CoinBazaar.Transfer.ESConsumer.gRPC\CoinBazaar.Transfer.ESConsumer.gRPC.csproj", "{D88D7F73-3928-460C-AF33-20D49160D1D8}"
EndProject
Global
	GlobalSection(SolutionConfigurationPlatforms) = preSolution
		Debug|Any CPU = Debug|Any CPU
		Release|Any CPU = Release|Any CPU
	EndGlobalSection
	GlobalSection(ProjectConfigurationPlatforms) = postSolution
		{51F5C9C4-8F65-4F96-BDDD-F428C56B2DEB}.Debug|Any CPU.ActiveCfg = Debug|Any CPU
		{51F5C9C4-8F65-4F96-BDDD-F428C56B2DEB}.Debug|Any CPU.Build.0 = Debug|Any CPU
		{51F5C9C4-8F65-4F96-BDDD-F428C56B2DEB}.Release|Any CPU.ActiveCfg = Release|Any CPU
		{51F5C9C4-8F65-4F96-BDDD-F428C56B2DEB}.Release|Any CPU.Build.0 = Release|Any CPU
		{B1C47C3E-6D19-4F48-BD02-8D30AA53AE4E}.Debug|Any CPU.ActiveCfg = Debug|Any CPU
		{B1C47C3E-6D19-4F48-BD02-8D30AA53AE4E}.Debug|Any CPU.Build.0 = Debug|Any CPU
		{B1C47C3E-6D19-4F48-BD02-8D30AA53AE4E}.Release|Any CPU.ActiveCfg = Release|Any CPU
		{B1C47C3E-6D19-4F48-BD02-8D30AA53AE4E}.Release|Any CPU.Build.0 = Release|Any CPU
		{D48D9D7A-8FEF-4810-A018-3FC3A395B280}.Debug|Any CPU.ActiveCfg = Debug|Any CPU
		{D48D9D7A-8FEF-4810-A018-3FC3A395B280}.Debug|Any CPU.Build.0 = Debug|Any CPU
		{D48D9D7A-8FEF-4810-A018-3FC3A395B280}.Release|Any CPU.ActiveCfg = Release|Any CPU
		{D48D9D7A-8FEF-4810-A018-3FC3A395B280}.Release|Any CPU.Build.0 = Release|Any CPU
		{168F12B0-9FEC-400C-AC86-5E7D7AAC4BF1}.Debug|Any CPU.ActiveCfg = Debug|Any CPU
		{168F12B0-9FEC-400C-AC86-5E7D7AAC4BF1}.Debug|Any CPU.Build.0 = Debug|Any CPU
		{168F12B0-9FEC-400C-AC86-5E7D7AAC4BF1}.Release|Any CPU.ActiveCfg = Release|Any CPU
		{168F12B0-9FEC-400C-AC86-5E7D7AAC4BF1}.Release|Any CPU.Build.0 = Release|Any CPU
		{6073E98B-BE7A-4C97-BF6D-842A4C4ACA8E}.Debug|Any CPU.ActiveCfg = Debug|Any CPU
		{6073E98B-BE7A-4C97-BF6D-842A4C4ACA8E}.Debug|Any CPU.Build.0 = Debug|Any CPU
		{6073E98B-BE7A-4C97-BF6D-842A4C4ACA8E}.Release|Any CPU.ActiveCfg = Release|Any CPU
		{6073E98B-BE7A-4C97-BF6D-842A4C4ACA8E}.Release|Any CPU.Build.0 = Release|Any CPU
		{D76D9D09-4924-47C7-B6CC-8950D45F1227}.Debug|Any CPU.ActiveCfg = Debug|Any CPU
		{D76D9D09-4924-47C7-B6CC-8950D45F1227}.Debug|Any CPU.Build.0 = Debug|Any CPU
		{D76D9D09-4924-47C7-B6CC-8950D45F1227}.Release|Any CPU.ActiveCfg = Release|Any CPU
		{D76D9D09-4924-47C7-B6CC-8950D45F1227}.Release|Any CPU.Build.0 = Release|Any CPU
		{D88D7F73-3928-460C-AF33-20D49160D1D8}.Debug|Any CPU.ActiveCfg = Debug|Any CPU
		{D88D7F73-3928-460C-AF33-20D49160D1D8}.Debug|Any CPU.Build.0 = Debug|Any CPU
		{D88D7F73-3928-460C-AF33-20D49160D1D8}.Release|Any CPU.ActiveCfg = Release|Any CPU
		{D88D7F73-3928-460C-AF33-20D49160D1D8}.Release|Any CPU.Build.0 = Release|Any CPU
	EndGlobalSection
	GlobalSection(SolutionProperties) = preSolution
		HideSolutionNode = FALSE
	EndGlobalSection
	GlobalSection(NestedProjects) = preSolution
		{51F5C9C4-8F65-4F96-BDDD-F428C56B2DEB} = {A8BD59DA-8452-4AE9-B7C5-879754F749A8}
		{B1C47C3E-6D19-4F48-BD02-8D30AA53AE4E} = {A8BD59DA-8452-4AE9-B7C5-879754F749A8}
		{D48D9D7A-8FEF-4810-A018-3FC3A395B280} = {A8BD59DA-8452-4AE9-B7C5-879754F749A8}
		{168F12B0-9FEC-400C-AC86-5E7D7AAC4BF1} = {0DFA91BE-20A1-4BCF-93D8-F2769FE3D97E}
		{6073E98B-BE7A-4C97-BF6D-842A4C4ACA8E} = {DB31CFBF-B4FB-47C7-9179-A5CCD1BF7FBA}
		{D76D9D09-4924-47C7-B6CC-8950D45F1227} = {0DFA91BE-20A1-4BCF-93D8-F2769FE3D97E}
		{D88D7F73-3928-460C-AF33-20D49160D1D8} = {A8BD59DA-8452-4AE9-B7C5-879754F749A8}
	EndGlobalSection
	GlobalSection(ExtensibilityGlobals) = postSolution
		SolutionGuid = {FD7EE76C-732B-4FE9-B712-BB90232D6653}
	EndGlobalSection
EndGlobal
